{
  "name": "edge-flow",
  "version": "0.1.13",
  "lockfileVersion": 1,
  "requires": true,
  "dependencies": {
    "@jkroso/type": {
      "version": "1.1.1",
      "resolved": "https://registry.npmjs.org/@jkroso/type/-/type-1.1.1.tgz",
      "integrity": "sha1-IpA6NG9jPyxlwPapOMqvxD8YHxc="
    },
    "@lib/autolink": {
      "version": "0.0.2",
      "resolved": "https://registry.npmjs.org/@lib/autolink/-/autolink-0.0.2.tgz",
      "integrity": "sha1-RKG6RzSk5/JPvmbVcq7qtxbJph8=",
      "dev": true
    },
    "@types/color": {
      "version": "3.0.0",
      "resolved": "https://registry.npmjs.org/@types/color/-/color-3.0.0.tgz",
      "integrity": "sha512-5qqtNia+m2I0/85+pd2YzAXaTyKO8j+svirO5aN+XaQJ5+eZ8nx0jPtEWZLxCi50xwYsX10xUHetFzfb1WEs4Q==",
      "dev": true,
      "requires": {
        "@types/color-convert": "1.9.0"
      }
    },
    "@types/color-convert": {
      "version": "1.9.0",
      "resolved": "https://registry.npmjs.org/@types/color-convert/-/color-convert-1.9.0.tgz",
      "integrity": "sha512-OKGEfULrvSL2VRbkl/gnjjgbbF7ycIlpSsX7Nkab4MOWi5XxmgBYvuiQ7lcCFY5cPDz7MUNaKgxte2VRmtr4Fg==",
      "dev": true,
      "requires": {
        "@types/color-name": "1.1.0"
      }
    },
    "@types/color-name": {
      "version": "1.1.0",
      "resolved": "https://registry.npmjs.org/@types/color-name/-/color-name-1.1.0.tgz",
      "integrity": "sha512-gZ/Rb+MFXF0pXSEQxdRoPMm5jeO3TycjOdvbpbcpHX/B+n9AqaHFe5q6Ga9CsZ7ir/UgIWPfrBzUzn3F19VH/w==",
      "dev": true
    },
    "@types/lodash": {
      "version": "4.14.117",
      "resolved": "https://registry.npmjs.org/@types/lodash/-/lodash-4.14.117.tgz",
      "integrity": "sha512-xyf2m6tRbz8qQKcxYZa7PA4SllYcay+eh25DN3jmNYY6gSTL7Htc/bttVdkqj2wfJGbeWlQiX8pIyJpKU+tubw==",
      "dev": true
    },
    "@types/node": {
      "version": "10.12.0",
      "resolved": "https://registry.npmjs.org/@types/node/-/node-10.12.0.tgz",
      "integrity": "sha512-3TUHC3jsBAB7qVRGxT6lWyYo2v96BMmD2PTcl47H25Lu7UXtFH/2qqmKiVrnel6Ne//0TFYf6uvNX+HW2FRkLQ==",
      "dev": true
    },
    "@types/prop-types": {
      "version": "15.5.6",
      "resolved": "https://registry.npmjs.org/@types/prop-types/-/prop-types-15.5.6.tgz",
      "integrity": "sha512-ZBFR7TROLVzCkswA3Fmqq+IIJt62/T7aY/Dmz+QkU7CaW2QFqAitCE8Ups7IzmGhcN1YWMBT4Qcoc07jU9hOJQ==",
      "dev": true
    },
    "@types/react": {
      "version": "16.4.18",
      "resolved": "https://registry.npmjs.org/@types/react/-/react-16.4.18.tgz",
      "integrity": "sha512-eFzJKEg6pdeaukVLVZ8Xb79CTl/ysX+ExmOfAAqcFlCCK5TgFDD9kWR0S18sglQ3EmM8U+80enjUqbfnUyqpdA==",
      "dev": true,
      "requires": {
        "@types/prop-types": "15.5.6",
        "csstype": "2.5.7"
      }
    },
    "@types/react-dom": {
      "version": "16.0.9",
      "resolved": "https://registry.npmjs.org/@types/react-dom/-/react-dom-16.0.9.tgz",
      "integrity": "sha512-4Z0bW+75zeQgsEg7RaNuS1k9MKhci7oQqZXxrV5KUGIyXZHHAAL3KA4rjhdH8o6foZ5xsRMSqkoM5A3yRVPR5w==",
      "dev": true,
      "requires": {
        "@types/node": "10.12.0",
        "@types/react": "16.4.18"
      }
    },
    "@types/react-motion": {
      "version": "0.0.27",
      "resolved": "https://registry.npmjs.org/@types/react-motion/-/react-motion-0.0.27.tgz",
      "integrity": "sha512-IvUTegF4hUWKEqVp3/hPYNJ6cjWfK2c48oNK4KJGAyUFpNqonTCoOL0FLrE/ITPmn1D0bS4D2gMKJyB0L+MtOw==",
      "dev": true,
      "requires": {
        "@types/react": "16.4.18"
      }
    },
    "asap": {
      "version": "2.0.6",
      "resolved": "https://registry.npmjs.org/asap/-/asap-2.0.6.tgz",
      "integrity": "sha1-5QNHYR1+aQlDIIu9r+vLwvuGbUY="
    },
    "autodts": {
      "version": "0.0.6",
      "resolved": "https://registry.npmjs.org/autodts/-/autodts-0.0.6.tgz",
      "integrity": "sha1-EN3wFkHAMVAD5ZhJ6GQwTlM7dSg=",
      "dev": true,
      "requires": {
        "@lib/autolink": "0.0.2",
        "minimist": "1.2.0",
        "mkdirp": "0.5.1"
      }
    },
    "ciena-dagre": {
      "version": "1.0.10",
      "resolved": "https://registry.npmjs.org/ciena-dagre/-/ciena-dagre-1.0.10.tgz",
      "integrity": "sha512-8YpCMsfllPAQsk5OeJiVNbHBJlAV7if/actmKnDSKgrXs1f91QVzHSx0/oh2aGWNsXsdlPedwfrV6YAlpEkAwA==",
      "requires": {
        "ciena-graphlib": "1.0.8",
        "lodash": "4.17.11",
        "npm-install-security-check": "1.0.4"
      }
    },
    "ciena-graphlib": {
      "version": "1.0.8",
      "resolved": "https://registry.npmjs.org/ciena-graphlib/-/ciena-graphlib-1.0.8.tgz",
      "integrity": "sha1-rY3YCRUiGNNdqgrG6bsFrG9llQo=",
      "requires": {
        "lodash": "4.17.11",
        "npm-install-security-check": "1.0.4"
      }
    },
    "color": {
      "version": "3.1.0",
      "resolved": "https://registry.npmjs.org/color/-/color-3.1.0.tgz",
      "integrity": "sha512-CwyopLkuRYO5ei2EpzpIh6LqJMt6Mt+jZhO5VI5f/wJLZriXQE32/SSqzmrh+QB+AZT81Cj8yv+7zwToW8ahZg==",
      "requires": {
        "color-convert": "1.9.3",
        "color-string": "1.5.3"
      }
    },
    "color-convert": {
      "version": "1.9.3",
      "resolved": "https://registry.npmjs.org/color-convert/-/color-convert-1.9.3.tgz",
      "integrity": "sha512-QfAUtd+vFdAtFQcC8CCyYt1fYWxSqAiK2cSD6zDB8N3cpsEBAvRxp9zOGg6G/SHHJYAT88/az/IuDGALsNVbGg==",
      "requires": {
        "color-name": "1.1.3"
      }
    },
    "color-name": {
      "version": "1.1.3",
      "resolved": "https://registry.npmjs.org/color-name/-/color-name-1.1.3.tgz",
      "integrity": "sha1-p9BVi9icQveV3UIyj3QIMcpTvCU="
    },
    "color-string": {
      "version": "1.5.3",
      "resolved": "https://registry.npmjs.org/color-string/-/color-string-1.5.3.tgz",
      "integrity": "sha512-dC2C5qeWoYkxki5UAXapdjqO672AM4vZuPGRQfO8b5HKuKGBbKWpITyDYN7TOFKvRW7kOgAn3746clDBMDJyQw==",
      "requires": {
        "color-name": "1.1.3",
        "simple-swizzle": "0.2.2"
      }
    },
    "core-js": {
      "version": "1.2.7",
      "resolved": "https://registry.npmjs.org/core-js/-/core-js-1.2.7.tgz",
      "integrity": "sha1-ZSKUwUZR2yj6k70tX/KYOk8IxjY="
    },
    "csstype": {
      "version": "2.5.7",
      "resolved": "https://registry.npmjs.org/csstype/-/csstype-2.5.7.tgz",
      "integrity": "sha512-Nt5VDyOTIIV4/nRFswoCKps1R5CD1hkiyjBE9/thNaNZILLEviVw9yWQw15+O+CpNjQKB/uvdcxFFOrSflY3Yw==",
      "dev": true
    },
    "encoding": {
      "version": "0.1.12",
      "resolved": "https://registry.npmjs.org/encoding/-/encoding-0.1.12.tgz",
      "integrity": "sha1-U4tm8+5izRq1HsMjgp0flIDHS+s=",
      "requires": {
        "iconv-lite": "0.4.19"
      }
    },
    "equals": {
      "version": "1.0.5",
      "resolved": "https://registry.npmjs.org/equals/-/equals-1.0.5.tgz",
      "integrity": "sha1-ISBi3eXhpRDZVfE1mO/MamIbas4=",
      "requires": {
        "jkroso-type": "1.1.1"
      }
    },
    "fbjs": {
      "version": "0.8.16",
      "resolved": "https://registry.npmjs.org/fbjs/-/fbjs-0.8.16.tgz",
      "integrity": "sha1-XmdDL1UNxBtXK/VYR7ispk5TN9s=",
      "requires": {
        "core-js": "1.2.7",
        "isomorphic-fetch": "2.2.1",
        "loose-envify": "1.3.1",
        "object-assign": "4.1.1",
        "promise": "7.3.1",
        "setimmediate": "1.0.5",
        "ua-parser-js": "0.7.17"
      }
    },
    "font-awesome": {
      "version": "4.7.0",
      "resolved": "https://registry.npmjs.org/font-awesome/-/font-awesome-4.7.0.tgz",
      "integrity": "sha1-j6jPBBGhoxr9B7BtKQK7n8gVoTM="
    },
    "iconv-lite": {
      "version": "0.4.19",
      "resolved": "https://registry.npmjs.org/iconv-lite/-/iconv-lite-0.4.19.tgz",
      "integrity": "sha512-oTZqweIP51xaGPI4uPa56/Pri/480R+mo7SeU+YETByQNhDG55ycFyNLIgta9vXhILrxXDmF7ZGhqZIcuN0gJQ=="
    },
    "igloo-ts": {
      "version": "1.0.0",
      "resolved": "https://registry.npmjs.org/igloo-ts/-/igloo-ts-1.0.0.tgz",
      "integrity": "sha1-kuksliaER4MDvv1doham5mdCm1w="
    },
    "is-arrayish": {
      "version": "0.3.2",
      "resolved": "https://registry.npmjs.org/is-arrayish/-/is-arrayish-0.3.2.tgz",
      "integrity": "sha512-eVRqCvVlZbuw3GrM63ovNSNAeA1K16kaR/LRY/92w0zxQ5/1YzwblUX652i4Xs9RwAGjW9d9y6X88t8OaAJfWQ=="
    },
    "is-stream": {
      "version": "1.1.0",
      "resolved": "https://registry.npmjs.org/is-stream/-/is-stream-1.1.0.tgz",
      "integrity": "sha1-EtSj3U5o4Lec6428hBc66A2RykQ="
    },
    "isomorphic-fetch": {
      "version": "2.2.1",
      "resolved": "https://registry.npmjs.org/isomorphic-fetch/-/isomorphic-fetch-2.2.1.tgz",
      "integrity": "sha1-YRrhrPFPXoH3KVB0coGf6XM1WKk=",
      "requires": {
        "node-fetch": "1.7.3",
        "whatwg-fetch": "2.0.3"
      }
    },
    "jkroso-type": {
      "version": "1.1.1",
      "resolved": "https://registry.npmjs.org/jkroso-type/-/jkroso-type-1.1.1.tgz",
      "integrity": "sha1-vEztbWxF/gdFKCuvyGqfjE/JzmE="
    },
    "js-tokens": {
      "version": "3.0.2",
      "resolved": "https://registry.npmjs.org/js-tokens/-/js-tokens-3.0.2.tgz",
      "integrity": "sha1-mGbfOVECEw449/mWvOtlRDIJwls="
    },
    "lodash": {
      "version": "4.17.11",
      "resolved": "https://registry.npmjs.org/lodash/-/lodash-4.17.11.tgz",
      "integrity": "sha512-cQKh8igo5QUhZ7lg38DYWAxMvjSAKG0A8wGSVimP07SIUEK2UO+arSRKbRZWtelMtN5V0Hkwh5ryOto/SshYIg=="
    },
    "loose-envify": {
      "version": "1.3.1",
      "resolved": "https://registry.npmjs.org/loose-envify/-/loose-envify-1.3.1.tgz",
      "integrity": "sha1-0aitM/qc4OcT1l/dCsi3SNR4yEg=",
      "requires": {
        "js-tokens": "3.0.2"
      }
    },
    "minimist": {
      "version": "1.2.0",
      "resolved": "https://registry.npmjs.org/minimist/-/minimist-1.2.0.tgz",
      "integrity": "sha1-o1AIsg9BOD7sH7kU9M1d95omQoQ=",
      "dev": true
    },
    "mkdirp": {
      "version": "0.5.1",
      "resolved": "https://registry.npmjs.org/mkdirp/-/mkdirp-0.5.1.tgz",
      "integrity": "sha1-MAV0OOrGz3+MR2fzhkjWaX11yQM=",
      "dev": true,
      "requires": {
        "minimist": "0.0.8"
      },
      "dependencies": {
        "minimist": {
          "version": "0.0.8",
          "resolved": "https://registry.npmjs.org/minimist/-/minimist-0.0.8.tgz",
          "integrity": "sha1-hX/Kv8M5fSYluCKCYuhqp6ARsF0=",
          "dev": true
        }
      }
    },
    "node-fetch": {
      "version": "1.7.3",
      "resolved": "https://registry.npmjs.org/node-fetch/-/node-fetch-1.7.3.tgz",
      "integrity": "sha512-NhZ4CsKx7cYm2vSrBAr2PvFOe6sWDf0UYLRqA6svUYg7+/TSfVAu49jYC4BvQ4Sms9SZgdqGBgroqfDhJdTyKQ==",
      "requires": {
        "encoding": "0.1.12",
        "is-stream": "1.1.0"
      }
    },
    "npm-install-security-check": {
      "version": "1.0.4",
      "resolved": "https://registry.npmjs.org/npm-install-security-check/-/npm-install-security-check-1.0.4.tgz",
      "integrity": "sha1-7EGcyCgOs3q7DYefSu9/A7mZCwg="
    },
    "object-assign": {
      "version": "4.1.1",
      "resolved": "https://registry.npmjs.org/object-assign/-/object-assign-4.1.1.tgz",
      "integrity": "sha1-IQmtx5ZYh8/AXLvUQsrIv7s2CGM="
    },
    "partican": {
      "version": "0.1.7",
      "resolved": "https://registry.npmjs.org/partican/-/partican-0.1.7.tgz",
      "integrity": "sha512-LCV4WMt68/kog1MKsoscM3Hm7G9awfOtQGf3UWkeU+ejLsGyG/7LE3sb22lLZymMqOywP51/yRWMnIIL4qgK5w==",
      "requires": {
        "color": "2.0.1",
        "equals": "1.1.0",
        "igloo-ts": "1.0.0",
        "lodash": "4.17.11",
        "raw-loader": "0.5.1",
        "react": "16.5.2",
        "react-dom": "16.5.2"
      },
      "dependencies": {
        "color": {
          "version": "2.0.1",
          "resolved": "https://registry.npmjs.org/color/-/color-2.0.1.tgz",
          "integrity": "sha512-ubUCVVKfT7r2w2D3qtHakj8mbmKms+tThR8gI8zEYCbUBl8/voqFGt3kgBqGwXAopgXybnkuOq+qMYCRrp4cXw==",
          "requires": {
            "color-convert": "1.9.3",
            "color-string": "1.5.3"
          }
        },
        "equals": {
          "version": "1.1.0",
          "resolved": "https://registry.npmjs.org/equals/-/equals-1.1.0.tgz",
          "integrity": "sha1-7rLtDoERkc06WQrmfze5DfPxcNQ=",
          "requires": {
            "@jkroso/type": "1.1.1"
          }
        }
      }
    },
    "performance-now": {
      "version": "0.2.0",
      "resolved": "https://registry.npmjs.org/performance-now/-/performance-now-0.2.0.tgz",
      "integrity": "sha1-M+8wxcd9TqIcWlOGnZG1bY8lVeU="
    },
    "promise": {
      "version": "7.3.1",
      "resolved": "https://registry.npmjs.org/promise/-/promise-7.3.1.tgz",
      "integrity": "sha512-nolQXZ/4L+bP/UGlkfaIujX9BKxGwmQ9OT4mOt5yvy8iK1h3wqTEJCijzGANTCCl9nWjY41juyAn2K3Q1hLLTg==",
      "requires": {
        "asap": "2.0.6"
      }
    },
    "prop-types": {
      "version": "15.6.0",
      "resolved": "https://registry.npmjs.org/prop-types/-/prop-types-15.6.0.tgz",
      "integrity": "sha1-zq8IMCL8RrSjX2nhPvda7Q1jmFY=",
      "requires": {
        "fbjs": "0.8.16",
        "loose-envify": "1.3.1",
        "object-assign": "4.1.1"
      }
    },
    "raf": {
      "version": "3.4.0",
      "resolved": "https://registry.npmjs.org/raf/-/raf-3.4.0.tgz",
      "integrity": "sha512-pDP/NMRAXoTfrhCfyfSEwJAKLaxBU9eApMeBPB1TkDouZmvPerIClV8lTAd+uF8ZiTaVl69e1FCxQrAd/VTjGw==",
      "requires": {
        "performance-now": "2.1.0"
      },
      "dependencies": {
        "performance-now": {
          "version": "2.1.0",
          "resolved": "https://registry.npmjs.org/performance-now/-/performance-now-2.1.0.tgz",
          "integrity": "sha1-Ywn04OX6kT7BxpMHrjZLSzd8nns="
        }
      }
    },
    "raw-loader": {
      "version": "0.5.1",
      "resolved": "https://registry.npmjs.org/raw-loader/-/raw-loader-0.5.1.tgz",
      "integrity": "sha1-DD0L6u2KAclm2Xh793goElKpeao="
    },
    "react": {
      "version": "16.5.2",
      "resolved": "https://registry.npmjs.org/react/-/react-16.5.2.tgz",
      "integrity": "sha512-FDCSVd3DjVTmbEAjUNX6FgfAmQ+ypJfHUsqUJOYNCBUp1h8lqmtC+0mXJ+JjsWx4KAVTkk1vKd1hLQPvEviSuw==",
      "requires": {
        "loose-envify": "1.3.1",
        "object-assign": "4.1.1",
        "prop-types": "15.6.2",
        "schedule": "0.5.0"
      },
      "dependencies": {
        "prop-types": {
          "version": "15.6.2",
          "resolved": "https://registry.npmjs.org/prop-types/-/prop-types-15.6.2.tgz",
          "integrity": "sha512-3pboPvLiWD7dkI3qf3KbUe6hKFKa52w+AE0VCqECtf+QHAKgOL37tTaNCnuX1nAAQ4ZhyP+kYVKf8rLmJ/feDQ==",
          "requires": {
            "loose-envify": "1.3.1",
            "object-assign": "4.1.1"
          }
        }
      }
    },
    "react-dom": {
      "version": "16.5.2",
      "resolved": "https://registry.npmjs.org/react-dom/-/react-dom-16.5.2.tgz",
      "integrity": "sha512-RC8LDw8feuZOHVgzEf7f+cxBr/DnKdqp56VU0lAs1f4UfKc4cU8wU4fTq/mgnvynLQo8OtlPC19NUFh/zjZPuA==",
      "requires": {
        "loose-envify": "1.3.1",
        "object-assign": "4.1.1",
        "prop-types": "15.6.2",
        "schedule": "0.5.0"
      },
      "dependencies": {
        "prop-types": {
          "version": "15.6.2",
          "resolved": "https://registry.npmjs.org/prop-types/-/prop-types-15.6.2.tgz",
          "integrity": "sha512-3pboPvLiWD7dkI3qf3KbUe6hKFKa52w+AE0VCqECtf+QHAKgOL37tTaNCnuX1nAAQ4ZhyP+kYVKf8rLmJ/feDQ==",
          "requires": {
            "loose-envify": "1.3.1",
            "object-assign": "4.1.1"
          }
        }
      }
    },
    "react-motion": {
      "version": "0.5.2",
      "resolved": "https://registry.npmjs.org/react-motion/-/react-motion-0.5.2.tgz",
      "integrity": "sha512-9q3YAvHoUiWlP3cK0v+w1N5Z23HXMj4IF4YuvjvWegWqNPfLXsOBE/V7UvQGpXxHFKRQQcNcVQE31g9SB/6qgQ==",
      "requires": {
        "performance-now": "0.2.0",
        "prop-types": "15.6.0",
        "raf": "3.4.0"
      }
    },
    "schedule": {
      "version": "0.5.0",
      "resolved": "https://registry.npmjs.org/schedule/-/schedule-0.5.0.tgz",
      "integrity": "sha512-HUcJicG5Ou8xfR//c2rPT0lPIRR09vVvN81T9fqfVgBmhERUbDEQoYKjpBxbueJnCPpSu2ujXzOnRQt6x9o/jw==",
      "requires": {
        "object-assign": "4.1.1"
      }
    },
    "setimmediate": {
      "version": "1.0.5",
      "resolved": "https://registry.npmjs.org/setimmediate/-/setimmediate-1.0.5.tgz",
      "integrity": "sha1-KQy7Iy4waULX1+qbg3Mqt4VvgoU="
    },
    "simple-swizzle": {
      "version": "0.2.2",
      "resolved": "https://registry.npmjs.org/simple-swizzle/-/simple-swizzle-0.2.2.tgz",
      "integrity": "sha1-pNprY1/8zMoz9w0Xy5JZLeleVXo=",
      "requires": {
        "is-arrayish": "0.3.2"
      }
    },
    "typescript": {
      "version": "3.1.3",
      "resolved": "https://registry.npmjs.org/typescript/-/typescript-3.1.3.tgz",
      "integrity": "sha512-+81MUSyX+BaSo+u2RbozuQk/UWx6hfG0a5gHu4ANEM4sU96XbuIyAB+rWBW1u70c6a5QuZfuYICn3s2UjuHUpA==",
      "dev": true
    },
    "ua-parser-js": {
      "version": "0.7.17",
      "resolved": "https://registry.npmjs.org/ua-parser-js/-/ua-parser-js-0.7.17.tgz",
      "integrity": "sha512-uRdSdu1oA1rncCQL7sCj8vSyZkgtL7faaw9Tc9rZ3mGgraQ7+Pdx7w5mnOSF3gw9ZNG6oc+KXfkon3bKuROm0g=="
    },
    "whatwg-fetch": {
      "version": "2.0.3",
      "resolved": "https://registry.npmjs.org/whatwg-fetch/-/whatwg-fetch-2.0.3.tgz",
      "integrity": "sha1-nITsLc9oGH/wC8ZOEnS0QhduHIQ="
    }
  }
}
